lockfileVersion: '9.0'

settings:
  autoInstallPeers: true
  excludeLinksFromLockfile: false

importers:

  .:
    dependencies:
      incur:
        specifier: 0.5.1
        version: 0.5.1

packages:

  '@cfworker/json-schema@4.1.1':
    resolution: {integrity: sha512-gAmrUZSGtKc3AiBL71iNWxDsyUC5uMaKKGdvzYsBoTW/xi42JQHl7eKV2OYzCUqvc+D2RCcf7EXY2iCyFIk6og==}

  '@modelcontextprotocol/server@2.0.0-alpha.4':
    resolution: {integrity: sha512-/KEo3ZJ50HlagHp0lz2vPgfBZFtXHu6zTBXT9XqPc+4O9i4+IbBVWKq/a9yAfv/ifp0u3+mRo8SUk5kMKzhN8A==}
    engines: {node: '>=20'}

  '@scalar/openapi-types@0.8.0':
    resolution: {integrity: sha512-WmaxVSfvY5K/TwcG2B2TU1WOe1As1uc2s7myswtP6dBlcjU3hM08SApxv/jmyGaCE8t4gO5BBhmHY4pDUfmr2g==}
    engines: {node: '>=22'}

  '@toon-format/toon@2.3.1':
    resolution: {integrity: sha512-sWqEMeAJGMda9qRrfPKrX3C4c33CO9SJuvJzzrcBEn5sbDB+k6pSLkDsfN0rVnLQwR97MV3sDgVbcxQNsq8xVw==}

  incur@0.5.1:
    resolution: {integrity: sha512-gEwPg0Rwf+Oi8pwySLumYgWk//Xiv2wRJhwsOwVskt7ZHrfwFTR7oQmANnyDqudRYhqK3I5/dp489kPehPjIww==}
    engines: {node: '>=22'}
    hasBin: true

  tokenx@1.6.0:
    resolution: {integrity: sha512-CKTjk345ajvBAUp5xUI9a5KKN0zU0lBueVHQbCskH1Hp6WkUKsPW2qGCYNs0pxNyfzxfo+IIjdt2W4sMbw/qBw==}

  yaml@2.9.1:
    resolution: {integrity: sha512-3NxN8+78OdzbT7C/WjGsyfPAtJaN3FNDsWxv7Y7mcDsT/oOmgW8BpyQQFFBnvZE3j9Y2Sdz1ULFLezL7Eb2yFw==}
    engines: {node: '>= 14.6'}
    hasBin: true

  zod@4.6.5:
    resolution: {integrity: sha512-v5l/aFXZQeai4awLbOpSoHecE9UiMrnfx75tEXLjNonXVARxQ5mOeipTjROUchszUNCqnE+hqAMujRsRHsut2Q==}

snapshots:

  '@cfworker/json-schema@4.1.1': {}

  '@modelcontextprotocol/server@2.0.0-alpha.4':
    dependencies:
      zod: 4.6.5

  '@scalar/openapi-types@0.8.0': {}

  '@toon-format/toon@2.3.1': {}

  incur@0.5.1:
    dependencies:
      '@cfworker/json-schema': 4.1.1
      '@modelcontextprotocol/server': 2.0.0-alpha.4
      '@scalar/openapi-types': 0.8.0
      '@toon-format/toon': 2.3.1
      tokenx: 1.6.0
      yaml: 2.9.1
      zod: 4.6.5

  tokenx@1.6.0: {}

  yaml@2.9.1: {}

  zod@4.6.5: {}
